{
  "name": "cvss",
  "version": "1.1.20",
  "lockfileVersion": 1,
  "requires": true,
  "dependencies": {
    "cvss": {
      "version": "1.0.5",
      "resolved": "https://artifactory.mia.ulti.io/artifactory/api/npm/npm/cvss/-/cvss-1.0.5.tgz",
      "integrity": "sha1-bp8oDyJe4Afry4EhSz3D0I+/E/w="
    }
  }
}
