{
  "name": "email-client",
  "version": "0.0.42",
  "lockfileVersion": 1,
  "requires": true,
  "dependencies": {
    "nodemailer": {
      "version": "6.4.10",
      "resolved": "https://artifactory.mia.ulti.io/artifactory/api/npm/npm/nodemailer/-/nodemailer-6.4.10.tgz",
      "integrity": "sha1-9MjceZHFf0H9CBvvIk7wH3BlFD0="
    }
  }
}
