{
  "name": "@thxmike/express-common-controller",
  "version": "0.1.16",
  "lockfileVersion": 1,
  "requires": true,
  "dependencies": {
    "@thxmike/express-base-controller": {
      "version": "0.2.11",
      "resolved": "https://registry.npmjs.org/@thxmike/express-base-controller/-/express-base-controller-0.2.11.tgz",
      "integrity": "sha512-hDBIk+PiNduYWukdnSXqrxMamcERi5cVyEAXNAbgISifLYrtSLgJeAG2x8ffn9b2xyWWn2FxandPgzpBZREGmg==",
      "requires": {
        "@types/pluralize": "0.0.29",
        "pluralize": "^8.0.0"
      }
    },
    "@thxmike/type-conversion": {
      "version": "0.1.5",
      "resolved": "https://registry.npmjs.org/@thxmike/type-conversion/-/type-conversion-0.1.5.tgz",
      "integrity": "sha512-+iIon1OkNdUZYFrGm1q7yjO8dWprR3ffxgm/N3KPLT5c3XscxlMoFSa0n7U54RcgRVr0MK6iVZqdthThKxYsfw==",
      "requires": {
        "bson": "^4.2.2",
        "mongoose": "^5.11.17",
        "uuid": "^8.3.2",
        "uuid-parse": "^1.1.0"
      },
      "dependencies": {
        "bl": {
          "version": "2.2.1",
          "resolved": "https://registry.npmjs.org/bl/-/bl-2.2.1.tgz",
          "integrity": "sha512-6Pesp1w0DEX1N550i/uGV/TqucVL4AM/pgThFSN/Qq9si1/DF9aIHs1BxD8V/QU0HoeHO6cQRTAuYnLPKq1e4g==",
          "requires": {
            "readable-stream": "^2.3.5",
            "safe-buffer": "^5.1.1"
          }
        },
        "bson": {
          "version": "4.2.3",
          "resolved": "https://registry.npmjs.org/bson/-/bson-4.2.3.tgz",
          "integrity": "sha512-3ztgjpKp0itFxGqzrLMHWqyZH5oMOIRWsjeY61yNVzrDGB/KxtgD6djFlz9n3vx7lLr2r6bkHagBCgyk1ZjETA==",
          "requires": {
            "buffer": "^5.6.0"
          }
        },
        "kareem": {
          "version": "2.3.2",
          "resolved": "https://registry.npmjs.org/kareem/-/kareem-2.3.2.tgz",
          "integrity": "sha512-STHz9P7X2L4Kwn72fA4rGyqyXdmrMSdxqHx9IXon/FXluXieaFA6KJ2upcHAHxQPQ0LeM/OjLrhFxifHewOALQ=="
        },
        "mongodb": {
          "version": "3.6.4",
          "resolved": "https://registry.npmjs.org/mongodb/-/mongodb-3.6.4.tgz",
          "integrity": "sha512-Y+Ki9iXE9jI+n9bVtbTOOdK0B95d6wVGSucwtBkvQ+HIvVdTCfpVRp01FDC24uhC/Q2WXQ8Lpq3/zwtB5Op9Qw==",
          "requires": {
            "bl": "^2.2.1",
            "bson": "^1.1.4",
            "denque": "^1.4.1",
            "require_optional": "^1.0.1",
            "safe-buffer": "^5.1.2",
            "saslprep": "^1.0.0"
          },
          "dependencies": {
            "bson": {
              "version": "1.1.5",
              "resolved": "https://registry.npmjs.org/bson/-/bson-1.1.5.tgz",
              "integrity": "sha512-kDuEzldR21lHciPQAIulLs1LZlCXdLziXI6Mb/TDkwXhb//UORJNPXgcRs2CuO4H0DcMkpfT3/ySsP3unoZjBg=="
            }
          }
        },
        "mongoose": {
          "version": "5.11.19",
          "resolved": "https://registry.npmjs.org/mongoose/-/mongoose-5.11.19.tgz",
          "integrity": "sha512-+oMf4XVg+j7ygnALi7K5vWZfKvC9gs9jdN/6Y1GV5OUAc7KQWoa6hzFO7nSj5jMJlhHNvC6tcS2uU7BV5aH8Lg==",
          "requires": {
            "@types/mongodb": "^3.5.27",
            "bson": "^1.1.4",
            "kareem": "2.3.2",
            "mongodb": "3.6.4",
            "mongoose-legacy-pluralize": "1.0.2",
            "mpath": "0.8.3",
            "mquery": "3.2.4",
            "ms": "2.1.2",
            "regexp-clone": "1.0.0",
            "safe-buffer": "5.2.1",
            "sift": "7.0.1",
            "sliced": "1.0.1"
          },
          "dependencies": {
            "bson": {
              "version": "1.1.5",
              "resolved": "https://registry.npmjs.org/bson/-/bson-1.1.5.tgz",
              "integrity": "sha512-kDuEzldR21lHciPQAIulLs1LZlCXdLziXI6Mb/TDkwXhb//UORJNPXgcRs2CuO4H0DcMkpfT3/ySsP3unoZjBg=="
            }
          }
        },
        "mpath": {
          "version": "0.8.3",
          "resolved": "https://registry.npmjs.org/mpath/-/mpath-0.8.3.tgz",
          "integrity": "sha512-eb9rRvhDltXVNL6Fxd2zM9D4vKBxjVVQNLNijlj7uoXUy19zNDsIif5zR+pWmPCWNKwAtqyo4JveQm4nfD5+eA=="
        },
        "mquery": {
          "version": "3.2.4",
          "resolved": "https://registry.npmjs.org/mquery/-/mquery-3.2.4.tgz",
          "integrity": "sha512-uOLpp7iRX0BV1Uu6YpsqJ5b42LwYnmu0WeF/f8qgD/On3g0XDaQM6pfn0m6UxO6SM8DioZ9Bk6xxbWIGHm2zHg==",
          "requires": {
            "bluebird": "3.5.1",
            "debug": "3.1.0",
            "regexp-clone": "^1.0.0",
            "safe-buffer": "5.1.2",
            "sliced": "1.0.1"
          },
          "dependencies": {
            "safe-buffer": {
              "version": "5.1.2",
              "resolved": "https://registry.npmjs.org/safe-buffer/-/safe-buffer-5.1.2.tgz",
              "integrity": "sha512-Gd2UZBJDkXlY7GbJxfsE8/nvKkUEU1G38c1siN6QP6a9PT9MmHB8GnpscSmMJSoF8LOIrt8ud/wPtojys4G6+g=="
            }
          }
        },
        "regexp-clone": {
          "version": "1.0.0",
          "resolved": "https://registry.npmjs.org/regexp-clone/-/regexp-clone-1.0.0.tgz",
          "integrity": "sha512-TuAasHQNamyyJ2hb97IuBEif4qBHGjPHBS64sZwytpLEqtBQ1gPJTnOaQ6qmpET16cK14kkjbazl6+p0RRv0yw=="
        },
        "uuid": {
          "version": "8.3.2",
          "resolved": "https://registry.npmjs.org/uuid/-/uuid-8.3.2.tgz",
          "integrity": "sha512-+NYs2QeMWy+GWFOEm9xnn6HCDp0l7QBD7ml8zLUmJ+93Q5NF0NocErnwkTkXVFNiX3/fpC6afS8Dhb/gz7R7eg=="
        }
      }
    },
    "@types/bson": {
      "version": "4.0.3",
      "resolved": "https://registry.npmjs.org/@types/bson/-/bson-4.0.3.tgz",
      "integrity": "sha512-mVRvYnTOZJz3ccpxhr3wgxVmSeiYinW+zlzQz3SXWaJmD1DuL05Jeq7nKw3SnbKmbleW5qrLG5vdyWe/A9sXhw==",
      "requires": {
        "@types/node": "*"
      }
    },
    "@types/mongodb": {
      "version": "3.6.9",
      "resolved": "https://registry.npmjs.org/@types/mongodb/-/mongodb-3.6.9.tgz",
      "integrity": "sha512-2XSGr/+IOKeFQ5tU9ATcIiIr7bpHqWyOXNGLOOhp0kg2NnfEvoKZF1SZ25j4zvJRqM2WeSUjfWSvymFJ3HBGJQ==",
      "requires": {
        "@types/bson": "*",
        "@types/node": "*"
      }
    },
    "@types/node": {
      "version": "16.3.2",
      "resolved": "https://registry.npmjs.org/@types/node/-/node-16.3.2.tgz",
      "integrity": "sha512-jJs9ErFLP403I+hMLGnqDRWT0RYKSvArxuBVh2veudHV7ifEC1WAmjJADacZ7mRbA2nWgHtn8xyECMAot0SkAw=="
    },
    "@types/pluralize": {
      "version": "0.0.29",
      "resolved": "https://registry.npmjs.org/@types/pluralize/-/pluralize-0.0.29.tgz",
      "integrity": "sha512-BYOID+l2Aco2nBik+iYS4SZX0Lf20KPILP5RGmM1IgzdwNdTs0eebiFriOPcej1sX9mLnSoiNte5zcFxssgpGA=="
    },
    "base64-js": {
      "version": "1.3.1",
      "resolved": "https://artifactory.mia.ulti.io/artifactory/api/npm/npm/base64-js/-/base64-js-1.3.1.tgz",
      "integrity": "sha1-WOzoy3XdB+ce0IxzarxfrE2/jfE="
    },
    "bluebird": {
      "version": "3.5.1",
      "resolved": "https://artifactory.mia.ulti.io/artifactory/api/npm/npm/bluebird/-/bluebird-3.5.1.tgz",
      "integrity": "sha1-2VUfnemPH82h5oPRfukaBgLuLrk="
    },
    "buffer": {
      "version": "5.6.0",
      "resolved": "https://artifactory.mia.ulti.io/artifactory/api/npm/npm/buffer/-/buffer-5.6.0.tgz",
      "integrity": "sha1-oxdJ3H2B2E2wir+Te2uMQDP2J4Y=",
      "requires": {
        "base64-js": "^1.0.2",
        "ieee754": "^1.1.4"
      }
    },
    "core-util-is": {
      "version": "1.0.2",
      "resolved": "https://artifactory.mia.ulti.io/artifactory/api/npm/npm/core-util-is/-/core-util-is-1.0.2.tgz",
      "integrity": "sha1-tf1UIgqivFq1eqtxQMlAdUUDwac="
    },
    "debug": {
      "version": "3.1.0",
      "resolved": "https://artifactory.mia.ulti.io/artifactory/api/npm/npm/debug/-/debug-3.1.0.tgz",
      "integrity": "sha1-W7WgZyYotkFJVmuhaBnmFRjGcmE=",
      "requires": {
        "ms": "2.0.0"
      },
      "dependencies": {
        "ms": {
          "version": "2.0.0",
          "resolved": "https://artifactory.mia.ulti.io/artifactory/api/npm/npm/ms/-/ms-2.0.0.tgz",
          "integrity": "sha1-VgiurfwAvmwpAd9fmGF4jeDVl8g="
        }
      }
    },
    "denque": {
      "version": "1.4.1",
      "resolved": "https://artifactory.mia.ulti.io/artifactory/api/npm/npm/denque/-/denque-1.4.1.tgz",
      "integrity": "sha1-Z0T/dkHBSMP4ppwwflEjXB9KN88="
    },
    "ieee754": {
      "version": "1.1.13",
      "resolved": "https://artifactory.mia.ulti.io/artifactory/api/npm/npm/ieee754/-/ieee754-1.1.13.tgz",
      "integrity": "sha1-7BaFWOlaoYH9h9N/VcMrvLZwi4Q="
    },
    "inherits": {
      "version": "2.0.4",
      "resolved": "https://artifactory.mia.ulti.io/artifactory/api/npm/npm/inherits/-/inherits-2.0.4.tgz",
      "integrity": "sha1-D6LGT5MpF8NDOg3tVTY6rjdBa3w="
    },
    "memory-pager": {
      "version": "1.5.0",
      "resolved": "https://artifactory.mia.ulti.io/artifactory/api/npm/npm/memory-pager/-/memory-pager-1.5.0.tgz",
      "integrity": "sha1-2HUWVdItOEaCdByXLyw9bfo+ZrU=",
      "optional": true
    },
    "mongoose-legacy-pluralize": {
      "version": "1.0.2",
      "resolved": "https://artifactory.mia.ulti.io/artifactory/api/npm/npm/mongoose-legacy-pluralize/-/mongoose-legacy-pluralize-1.0.2.tgz",
      "integrity": "sha1-O6n5H6UHtRhtOZ+0CFS/8Y+1Y+Q="
    },
    "ms": {
      "version": "2.1.2",
      "resolved": "https://artifactory.mia.ulti.io/artifactory/api/npm/npm/ms/-/ms-2.1.2.tgz",
      "integrity": "sha1-0J0fNXtEP0kzgqjrPM0YOHKuYAk="
    },
    "pluralize": {
      "version": "8.0.0",
      "resolved": "https://registry.npmjs.org/pluralize/-/pluralize-8.0.0.tgz",
      "integrity": "sha512-Nc3IT5yHzflTfbjgqWcCPpo7DaKy4FnpB0l/zCAW0Tc7jxAiuqSxHasntB3D7887LSrA93kDJ9IXovxJYxyLCA=="
    },
    "process-nextick-args": {
      "version": "2.0.1",
      "resolved": "https://artifactory.mia.ulti.io/artifactory/api/npm/npm/process-nextick-args/-/process-nextick-args-2.0.1.tgz",
      "integrity": "sha1-eCDZsWEgzFXKmud5JoCufbptf+I="
    },
    "readable-stream": {
      "version": "2.3.7",
      "resolved": "https://artifactory.mia.ulti.io/artifactory/api/npm/npm/readable-stream/-/readable-stream-2.3.7.tgz",
      "integrity": "sha1-Hsoc9xGu+BTAT2IlKjamL2yyO1c=",
      "requires": {
        "core-util-is": "~1.0.0",
        "inherits": "~2.0.3",
        "isarray": "~1.0.0",
        "process-nextick-args": "~2.0.0",
        "safe-buffer": "~5.1.1",
        "string_decoder": "~1.1.1",
        "util-deprecate": "~1.0.1"
      },
      "dependencies": {
        "isarray": {
          "version": "1.0.0",
          "resolved": "https://registry.npmjs.org/isarray/-/isarray-1.0.0.tgz",
          "integrity": "sha1-u5NdSFgsuhaMBoNJV6VKPgcSTxE="
        },
        "safe-buffer": {
          "version": "5.1.2",
          "resolved": "https://artifactory.mia.ulti.io/artifactory/api/npm/npm/safe-buffer/-/safe-buffer-5.1.2.tgz",
          "integrity": "sha1-mR7GnSluAxN0fVm9/St0XDX4go0="
        }
      }
    },
    "require_optional": {
      "version": "1.0.1",
      "resolved": "https://artifactory.mia.ulti.io/artifactory/api/npm/npm/require_optional/-/require_optional-1.0.1.tgz",
      "integrity": "sha1-TPNaQkf2TKPfjC7yCMxJSxyo/C4=",
      "requires": {
        "resolve-from": "^2.0.0",
        "semver": "^5.1.0"
      }
    },
    "resolve-from": {
      "version": "2.0.0",
      "resolved": "https://artifactory.mia.ulti.io/artifactory/api/npm/npm/resolve-from/-/resolve-from-2.0.0.tgz",
      "integrity": "sha1-lICrIOlP+h2egKgEx+oUdhGWa1c="
    },
    "safe-buffer": {
      "version": "5.2.1",
      "resolved": "https://artifactory.mia.ulti.io/artifactory/api/npm/npm/safe-buffer/-/safe-buffer-5.2.1.tgz",
      "integrity": "sha1-Hq+fqb2x/dTsdfWPnNtOa3gn7sY="
    },
    "saslprep": {
      "version": "1.0.3",
      "resolved": "https://artifactory.mia.ulti.io/artifactory/api/npm/npm/saslprep/-/saslprep-1.0.3.tgz",
      "integrity": "sha1-TAL5RrVs9UKX40e6EJPnrKxM8iY=",
      "optional": true,
      "requires": {
        "sparse-bitfield": "^3.0.3"
      }
    },
    "semver": {
      "version": "5.7.1",
      "resolved": "https://artifactory.mia.ulti.io/artifactory/api/npm/npm/semver/-/semver-5.7.1.tgz",
      "integrity": "sha1-qVT5Ma66UI0we78Gnv8MAclhFvc="
    },
    "sift": {
      "version": "7.0.1",
      "resolved": "https://artifactory.mia.ulti.io/artifactory/api/npm/npm/sift/-/sift-7.0.1.tgz",
      "integrity": "sha1-R9YsULFZ0xbxNy+LU/nBDNIaSwg="
    },
    "sliced": {
      "version": "1.0.1",
      "resolved": "https://artifactory.mia.ulti.io/artifactory/api/npm/npm/sliced/-/sliced-1.0.1.tgz",
      "integrity": "sha1-CzpmK10Ewxd7GSa+qCsD+Dei70E="
    },
    "sparse-bitfield": {
      "version": "3.0.3",
      "resolved": "https://artifactory.mia.ulti.io/artifactory/api/npm/npm/sparse-bitfield/-/sparse-bitfield-3.0.3.tgz",
      "integrity": "sha1-/0rm5oZWBWuks+eSqzM004JzyhE=",
      "optional": true,
      "requires": {
        "memory-pager": "^1.0.2"
      }
    },
    "string_decoder": {
      "version": "1.1.1",
      "resolved": "https://artifactory.mia.ulti.io/artifactory/api/npm/npm/string_decoder/-/string_decoder-1.1.1.tgz",
      "integrity": "sha1-nPFhG6YmhdcDCunkujQUnDrwP8g=",
      "requires": {
        "safe-buffer": "~5.1.0"
      },
      "dependencies": {
        "safe-buffer": {
          "version": "5.1.2",
          "resolved": "https://artifactory.mia.ulti.io/artifactory/api/npm/npm/safe-buffer/-/safe-buffer-5.1.2.tgz",
          "integrity": "sha1-mR7GnSluAxN0fVm9/St0XDX4go0="
        }
      }
    },
    "util-deprecate": {
      "version": "1.0.2",
      "resolved": "https://artifactory.mia.ulti.io/artifactory/api/npm/npm/util-deprecate/-/util-deprecate-1.0.2.tgz",
      "integrity": "sha1-RQ1Nyfpw3nMnYvvS1KKJgUGaDM8="
    },
    "uuid-parse": {
      "version": "1.1.0",
      "resolved": "https://artifactory.mia.ulti.io/artifactory/api/npm/npm/uuid-parse/-/uuid-parse-1.1.0.tgz",
      "integrity": "sha1-cGHFoThK4OH5Q8U4CUWX4bXzpls="
    }
  }
}
